
Microsoft Visual Studio Solution File, Format Version 12.00
# Visual Studio 2012
Project("{FAE04EC0-301F-11D3-BF4B-00C04F79EFBC}") = "domaci_rad1", "domaci_rad1\domaci_rad1.csproj", "{6F40EEA5-8821-49E0-8721-90E83C38900E}"
EndProject
Global
	GlobalSection(SolutionConfigurationPlatforms) = preSolution
		Debug|Any CPU = Debug|Any CPU
		Release|Any CPU = Release|Any CPU
	EndGlobalSection
	GlobalSection(ProjectConfigurationPlatforms) = postSolution
		{6F40EEA5-8821-49E0-8721-90E83C38900E}.Debug|Any CPU.ActiveCfg = Debug|Any CPU
		{6F40EEA5-8821-49E0-8721-90E83C38900E}.Debug|Any CPU.Build.0 = Debug|Any CPU
		{6F40EEA5-8821-49E0-8721-90E83C38900E}.Release|Any CPU.ActiveCfg = Release|Any CPU
		{6F40EEA5-8821-49E0-8721-90E83C38900E}.Release|Any CPU.Build.0 = Release|Any CPU
	EndGlobalSection
	GlobalSection(SolutionProperties) = preSolution
		HideSolutionNode = FALSE
	EndGlobalSection
EndGlobal
